<Project xmlns="http://schemas.microsoft.com/developer/msbuild/2003">
    <PropertyGroup>
        <ProjectGuid>{7EEA7934-7061-426C-8DF7-AE7BBC69B967}</ProjectGuid>
        <ProjectVersion>15.4</ProjectVersion>
        <FrameworkType>VCL</FrameworkType>
        <MainSource>dbconnector.dpr</MainSource>
        <Base>True</Base>
        <Config Condition="'$(Config)'==''">Debug</Config>
        <Platform Condition="'$(Platform)'==''">Win32</Platform>
        <TargetedPlatforms>1</TargetedPlatforms>
        <AppType>Application</AppType>
    </PropertyGroup>
    <PropertyGroup Condition="'$(Config)'=='Base' or '$(Base)'!=''">
        <Base>true</Base>
    </PropertyGroup>
    <PropertyGroup Condition="('$(Platform)'=='Win32' and '$(Base)'=='true') or '$(Base_Win32)'!=''">
        <Base_Win32>true</Base_Win32>
        <CfgParent>Base</CfgParent>
        <Base>true</Base>
    </PropertyGroup>
    <PropertyGroup Condition="('$(Platform)'=='Win64' and '$(Base)'=='true') or '$(Base_Win64)'!=''">
        <Base_Win64>true</Base_Win64>
        <CfgParent>Base</CfgParent>
        <Base>true</Base>
    </PropertyGroup>
    <PropertyGroup Condition="'$(Config)'=='Debug' or '$(Cfg_1)'!=''">
        <Cfg_1>true</Cfg_1>
        <CfgParent>Base</CfgParent>
        <Base>true</Base>
    </PropertyGroup>
    <PropertyGroup Condition="('$(Platform)'=='Win32' and '$(Cfg_1)'=='true') or '$(Cfg_1_Win32)'!=''">
        <Cfg_1_Win32>true</Cfg_1_Win32>
        <CfgParent>Cfg_1</CfgParent>
        <Cfg_1>true</Cfg_1>
        <Base>true</Base>
    </PropertyGroup>
    <PropertyGroup Condition="'$(Config)'=='Release' or '$(Cfg_2)'!=''">
        <Cfg_2>true</Cfg_2>
        <CfgParent>Base</CfgParent>
        <Base>true</Base>
    </PropertyGroup>
    <PropertyGroup Condition="'$(Base)'!=''">
        <SanitizedProjectName>dbconnector</SanitizedProjectName>
        <Icon_MainIcon>$(BDS)\bin\delphi_PROJECTICON.ico</Icon_MainIcon>
        <DCC_Namespace>System;Xml;Data;Datasnap;Web;Soap;Vcl;Vcl.Imaging;Vcl.Touch;Vcl.Samples;Vcl.Shell;$(DCC_Namespace)</DCC_Namespace>
        <DCC_DcuOutput>.\$(Platform)\$(Config)</DCC_DcuOutput>
        <DCC_ExeOutput>.\$(Platform)\$(Config)</DCC_ExeOutput>
        <DCC_E>false</DCC_E>
        <DCC_N>false</DCC_N>
        <DCC_S>false</DCC_S>
        <DCC_F>false</DCC_F>
        <DCC_K>false</DCC_K>
    </PropertyGroup>
    <PropertyGroup Condition="'$(Base_Win32)'!=''">
        <VerInfo_Keys>CompanyName=;FileDescription=;FileVersion=1.0.0.0;InternalName=;LegalCopyright=;LegalTrademarks=;OriginalFilename=;ProductName=;ProductVersion=1.0.0.0;Comments=</VerInfo_Keys>
        <VerInfo_IncludeVerInfo>true</VerInfo_IncludeVerInfo>
        <VerInfo_Locale>1033</VerInfo_Locale>
        <Manifest_File>$(BDS)\bin\default_app.manifest</Manifest_File>
        <DCC_Namespace>Winapi;System.Win;Data.Win;Datasnap.Win;Web.Win;Soap.Win;Xml.Win;Bde;$(DCC_Namespace)</DCC_Namespace>
        <DCC_UsePackage>NxForm6Run_dxe6;FireDACSqliteDriver;ZComponent;DBXSqliteDriver;FireDACPgDriver;fmx;IndySystem;TeeDB;tethering;inetdbbde;vclib;DBXInterBaseDriver;NxInspectorDsgn_dxe6;NxInspectorRun_dxe6;DbxCommonDriver;vclimg;dbxcds;NxCommonDsgn_dxe6;MetropolisUILiveTile;vcldb;vcldsnap;fmxFireDAC;CustomIPTransport;vclribbon;dsnap;IndyIPServer;fmxase;vcl;IndyCore;NxAddonsRun_dxe6;IndyIPCommon;CloudService;CodeSiteExpressPkg;FmxTeeUI;FireDACIBDriver;NxCommon6Dsgn_dxe6;NxInspector6Run_dxe6;soapserver;NxDBGridRun_dxe6;inetdbxpress;NxCollectionDsgn_dxe6;dsnapxml;adortl;NxSheetRun_dxe6;FireDACASADriver;bindcompfmx;vcldbx;FireDACODBCDriver;RESTBackendComponents;ZDbc;rtl;dbrtl;DbxClientDriver;FireDACCommon;bindcomp;inetdb;ZPlain;Tee;NxGrid6Run_dxe6;vclFireDAC;xmlrtl;svnui;ibxpress;NxGridDsgn_dxe6;IndyProtocols;DBXMySQLDriver;FireDACCommonDriver;bindcompdbx;soaprtl;bindengine;vclactnband;FMXTee;TeeUI;bindcompvcl;vclie;NxCollectionRun_dxe6;NxCommon6Run_dxe6;FireDACADSDriver;vcltouch;NxDBGridDsgn_dxe6;ZCore;NxInspector6Dsgn_dxe6;VclSmp;FireDAC;VCLRESTComponents;Intraweb;NxCommonRun_dxe6;NxCompanion6Run_dxe6;dsnapcon;NxGridRun_dxe6;inet;fmxobj;FireDACMySQLDriver;soapmidas;vclx;ZParseSql;svn;fmxdae;RESTComponents;bdertl;FireDACMSAccDriver;dbexpress;IndyIPClient;$(DCC_UsePackage)</DCC_UsePackage>
    </PropertyGroup>
    <PropertyGroup Condition="'$(Base_Win64)'!=''">
        <DCC_UsePackage>NxForm6Run_dxe6;FireDACSqliteDriver;ZComponent;DBXSqliteDriver;FireDACPgDriver;fmx;IndySystem;TeeDB;tethering;vclib;DBXInterBaseDriver;NxInspectorDsgn_dxe6;NxInspectorRun_dxe6;DbxCommonDriver;vclimg;dbxcds;NxCommonDsgn_dxe6;MetropolisUILiveTile;vcldb;vcldsnap;fmxFireDAC;CustomIPTransport;vclribbon;dsnap;IndyIPServer;fmxase;vcl;IndyCore;NxAddonsRun_dxe6;IndyIPCommon;CloudService;FmxTeeUI;FireDACIBDriver;NxCommon6Dsgn_dxe6;NxInspector6Run_dxe6;soapserver;NxDBGridRun_dxe6;inetdbxpress;NxCollectionDsgn_dxe6;dsnapxml;adortl;NxSheetRun_dxe6;FireDACASADriver;bindcompfmx;FireDACODBCDriver;RESTBackendComponents;ZDbc;rtl;dbrtl;DbxClientDriver;FireDACCommon;bindcomp;inetdb;ZPlain;Tee;NxGrid6Run_dxe6;vclFireDAC;xmlrtl;ibxpress;NxGridDsgn_dxe6;IndyProtocols;DBXMySQLDriver;FireDACCommonDriver;bindcompdbx;soaprtl;bindengine;vclactnband;FMXTee;TeeUI;bindcompvcl;vclie;NxCollectionRun_dxe6;NxCommon6Run_dxe6;FireDACADSDriver;vcltouch;NxDBGridDsgn_dxe6;ZCore;NxInspector6Dsgn_dxe6;VclSmp;FireDAC;VCLRESTComponents;Intraweb;NxCommonRun_dxe6;NxCompanion6Run_dxe6;dsnapcon;NxGridRun_dxe6;inet;fmxobj;FireDACMySQLDriver;soapmidas;vclx;ZParseSql;fmxdae;RESTComponents;FireDACMSAccDriver;dbexpress;IndyIPClient;$(DCC_UsePackage)</DCC_UsePackage>
    </PropertyGroup>
    <PropertyGroup Condition="'$(Cfg_1)'!=''">
        <DCC_Define>DEBUG;$(DCC_Define)</DCC_Define>
        <DCC_DebugDCUs>true</DCC_DebugDCUs>
        <DCC_Optimize>false</DCC_Optimize>
        <DCC_GenerateStackFrames>true</DCC_GenerateStackFrames>
        <DCC_DebugInfoInExe>true</DCC_DebugInfoInExe>
        <DCC_RemoteDebug>true</DCC_RemoteDebug>
    </PropertyGroup>
    <PropertyGroup Condition="'$(Cfg_1_Win32)'!=''">
        <DCC_RemoteDebug>false</DCC_RemoteDebug>
    </PropertyGroup>
    <PropertyGroup Condition="'$(Cfg_2)'!=''">
        <DCC_LocalDebugSymbols>false</DCC_LocalDebugSymbols>
        <DCC_Define>RELEASE;$(DCC_Define)</DCC_Define>
        <DCC_SymbolReferenceInfo>0</DCC_SymbolReferenceInfo>
        <DCC_DebugInformation>0</DCC_DebugInformation>
    </PropertyGroup>
    <ItemGroup>
        <DelphiCompile Include="$(MainSource)">
            <MainSource>MainSource</MainSource>
        </DelphiCompile>
        <DCCReference Include="udbconnector.pas">
            <Form>formdb</Form>
            <FormType>dfm</FormType>
        </DCCReference>
        <DCCReference Include="..\sources2208\uutils.pas"/>
        <DCCReference Include="..\scanohnethread\uConstants.pas"/>
        <BuildConfiguration Include="Release">
            <Key>Cfg_2</Key>
            <CfgParent>Base</CfgParent>
        </BuildConfiguration>
        <BuildConfiguration Include="Base">
            <Key>Base</Key>
        </BuildConfiguration>
        <BuildConfiguration Include="Debug">
            <Key>Cfg_1</Key>
            <CfgParent>Base</CfgParent>
        </BuildConfiguration>
    </ItemGroup>
    <ProjectExtensions>
        <Borland.Personality>Delphi.Personality.12</Borland.Personality>
        <Borland.ProjectType/>
        <BorlandProject>
            <Delphi.Personality>
                <Source>
                    <Source Name="MainSource">dbconnector.dpr</Source>
                </Source>
            </Delphi.Personality>
            <Deployment/>
            <Platforms>
                <Platform value="Win32">True</Platform>
                <Platform value="Win64">False</Platform>
            </Platforms>
        </BorlandProject>
        <ProjectFileVersion>12</ProjectFileVersion>
    </ProjectExtensions>
    <Import Project="$(BDS)\Bin\CodeGear.Delphi.Targets" Condition="Exists('$(BDS)\Bin\CodeGear.Delphi.Targets')"/>
    <Import Project="$(APPDATA)\Embarcadero\$(BDSAPPDATABASEDIR)\$(PRODUCTVERSION)\UserTools.proj" Condition="Exists('$(APPDATA)\Embarcadero\$(BDSAPPDATABASEDIR)\$(PRODUCTVERSION)\UserTools.proj')"/>
</Project>
